{
  "lockfile_version": "1",
  "packages": {
    "nodejs@21.7.3": {
      "last_modified": "2024-04-19T17:36:04-04:00",
      "plugin_version": "0.0.2",
      "resolved": "github:NixOS/nixpkgs/92d295f588631b0db2da509f381b4fb1e74173c5#nodejs_21",
      "source": "devbox-search",
      "version": "21.7.3",
      "systems": {
        "aarch64-darwin": {
          "outputs": [
            {
              "name": "out",
              "path": "/nix/store/hxr5ziwxn72wxcrhxasdy542h6z0r9hg-nodejs-21.7.3",
              "default": true
            },
            {
              "name": "libv8",
              "path": "/nix/store/y6xj0m2n7mlzgx5mc62m0lb4h02dzklr-nodejs-21.7.3-libv8"
            }
          ],
          "store_path": "/nix/store/hxr5ziwxn72wxcrhxasdy542h6z0r9hg-nodejs-21.7.3"
        },
        "aarch64-linux": {
          "outputs": [
            {
              "name": "out",
              "path": "/nix/store/xfddvy0bfzc78yipmyx81irjqfpkm1d0-nodejs-21.7.3",
              "default": true
            },
            {
              "name": "libv8",
              "path": "/nix/store/vjr64cmj37yglbzjz6hrwqa4z6hw2mz2-nodejs-21.7.3-libv8"
            }
          ],
          "store_path": "/nix/store/xfddvy0bfzc78yipmyx81irjqfpkm1d0-nodejs-21.7.3"
        },
        "x86_64-darwin": {
          "outputs": [
            {
              "name": "out",
              "path": "/nix/store/pnrd7gl28dmy86pprrpifq7qny3sx1xp-nodejs-21.7.3",
              "default": true
            },
            {
              "name": "libv8",
              "path": "/nix/store/wnzqqc8ik64a6zn4k4bbcgzvi8dp8vnb-nodejs-21.7.3-libv8"
            }
          ],
          "store_path": "/nix/store/pnrd7gl28dmy86pprrpifq7qny3sx1xp-nodejs-21.7.3"
        },
        "x86_64-linux": {
          "outputs": [
            {
              "name": "out",
              "path": "/nix/store/dfs59hwhc4mb4hdk77nc5dd39k2v2qs2-nodejs-21.7.3",
              "default": true
            },
            {
              "name": "libv8",
              "path": "/nix/store/iq38acw88hl92vpwamfkzgk3pk3dsr0x-nodejs-21.7.3-libv8"
            }
          ],
          "store_path": "/nix/store/dfs59hwhc4mb4hdk77nc5dd39k2v2qs2-nodejs-21.7.3"
        }
      }
    }
  }
}
